
Microsoft Visual Studio Solution File, Format Version 12.00
# Visual Studio Version 16
VisualStudioVersion = 16.0.31313.79
MinimumVisualStudioVersion = 10.0.40219.1
Project("{888888A0-9F3D-457C-B088-3A5042F75D52}") = "PythonProgram", "PythonProgram.pyproj", "{14A1C602-6F52-4407-ADD1-327EA4E15EDA}"
EndProject
Global
	GlobalSection(SolutionConfigurationPlatforms) = preSolution
		Debug|Any CPU = Debug|Any CPU
		Release|Any CPU = Release|Any CPU
	EndGlobalSection
	GlobalSection(ProjectConfigurationPlatforms) = postSolution
		{14A1C602-6F52-4407-ADD1-327EA4E15EDA}.Debug|Any CPU.ActiveCfg = Debug|Any CPU
		{14A1C602-6F52-4407-ADD1-327EA4E15EDA}.Release|Any CPU.ActiveCfg = Release|Any CPU
	EndGlobalSection
	GlobalSection(SolutionProperties) = preSolution
		HideSolutionNode = FALSE
	EndGlobalSection
	GlobalSection(ExtensibilityGlobals) = postSolution
		SolutionGuid = {BE63EB33-96A9-401C-82FF-0E35689D9495}
	EndGlobalSection
EndGlobal
